
Microsoft Visual Studio Solution File, Format Version 11.00
# Visual Studio 2010
Project("{FAE04EC0-301F-11D3-BF4B-00C04F79EFBC}") = "Garfielder", "Garfielder\Garfielder.csproj", "{FFA40600-A514-42E4-A5A3-8908554DD625}"
EndProject
Project("{FAE04EC0-301F-11D3-BF4B-00C04F79EFBC}") = "Garfielder.Core", "Garfielder.Core\Garfielder.Core.csproj", "{DAB56064-5CFA-42DE-A2A5-0D939A952C75}"
EndProject
Global
	GlobalSection(SolutionConfigurationPlatforms) = preSolution
		Debug|Any CPU = Debug|Any CPU
		Release|Any CPU = Release|Any CPU
	EndGlobalSection
	GlobalSection(ProjectConfigurationPlatforms) = postSolution
		{FFA40600-A514-42E4-A5A3-8908554DD625}.Debug|Any CPU.ActiveCfg = Debug|Any CPU
		{FFA40600-A514-42E4-A5A3-8908554DD625}.Debug|Any CPU.Build.0 = Debug|Any CPU
		{FFA40600-A514-42E4-A5A3-8908554DD625}.Release|Any CPU.ActiveCfg = Release|Any CPU
		{FFA40600-A514-42E4-A5A3-8908554DD625}.Release|Any CPU.Build.0 = Release|Any CPU
		{DAB56064-5CFA-42DE-A2A5-0D939A952C75}.Debug|Any CPU.ActiveCfg = Debug|Any CPU
		{DAB56064-5CFA-42DE-A2A5-0D939A952C75}.Debug|Any CPU.Build.0 = Debug|Any CPU
		{DAB56064-5CFA-42DE-A2A5-0D939A952C75}.Release|Any CPU.ActiveCfg = Release|Any CPU
		{DAB56064-5CFA-42DE-A2A5-0D939A952C75}.Release|Any CPU.Build.0 = Release|Any CPU
	EndGlobalSection
	GlobalSection(SolutionProperties) = preSolution
		HideSolutionNode = FALSE
	EndGlobalSection
EndGlobal
